<?xml version="1.0" encoding="utf-8"?>
<Project ToolsVersion="4.0" xmlns="http://schemas.microsoft.com/developer/msbuild/2003">
  <ItemGroup>
    <Filter Include="소스 파일">
      <UniqueIdentifier>{4FC737F1-C7A5-4376-A066-2A32D752A2FF}</UniqueIdentifier>
      <Extensions>cpp;c;cc;cxx;def;odl;idl;hpj;bat;asm;asmx</Extensions>
    </Filter>
    <Filter Include="헤더 파일">
      <UniqueIdentifier>{93995380-89BD-4b04-88EB-625FBE52EBFB}</UniqueIdentifier>
      <Extensions>h;hh;hpp;hxx;hm;inl;inc;xsd</Extensions>
    </Filter>
    <Filter Include="리소스 파일">
      <UniqueIdentifier>{67DA6AB6-F800-4c08-8B7A-83BB121AAD01}</UniqueIdentifier>
      <Extensions>rc;ico;cur;bmp;dlg;rc2;rct;bin;rgs;gif;jpg;jpeg;jpe;resx;tiff;tif;png;wav;mfcribbon-ms</Extensions>
    </Filter>
    <Filter Include="00. MainFrm">
      <UniqueIdentifier>{65f35195-fc6a-4d00-bb3c-307b47992fb8}</UniqueIdentifier>
    </Filter>
    <Filter Include="01. View">
      <UniqueIdentifier>{81e12a6d-b42f-439c-ade6-f584ad37c87b}</UniqueIdentifier>
    </Filter>
    <Filter Include="02. Document">
      <UniqueIdentifier>{8d231be3-65f0-4ab5-a9cf-caaa9cd14f78}</UniqueIdentifier>
    </Filter>
    <Filter Include="03. Device">
      <UniqueIdentifier>{1b12df10-4f4c-47c7-9108-cbc1e02dde54}</UniqueIdentifier>
    </Filter>
    <Filter Include="04. Texture">
      <UniqueIdentifier>{8d27d59f-58b4-46ef-b7b1-820a027f9bba}</UniqueIdentifier>
    </Filter>
    <Filter Include="04. Texture\00. Single">
      <UniqueIdentifier>{dcb2efdd-3170-4964-9876-58bc1a53e926}</UniqueIdentifier>
    </Filter>
    <Filter Include="04. Texture\01. Multi">
      <UniqueIdentifier>{4d3826ae-9f34-4f3e-8d7d-c2a832602e21}</UniqueIdentifier>
    </Filter>
    <Filter Include="04. Texture\02. Manager">
      <UniqueIdentifier>{22b081b7-a649-4f82-8a97-04de8b8193d8}</UniqueIdentifier>
    </Filter>
    <Filter Include="05. Etc">
      <UniqueIdentifier>{74cff27f-6449-4481-8779-d3bbac5cb41b}</UniqueIdentifier>
    </Filter>
    <Filter Include="05. Etc\00. Terrain">
      <UniqueIdentifier>{63bcd23b-a64b-4c7c-80e8-ed13a19d5a12}</UniqueIdentifier>
    </Filter>
    <Filter Include="06. FormView">
      <UniqueIdentifier>{88d83b42-83af-440b-a192-fbbc1f170dc8}</UniqueIdentifier>
    </Filter>
    <Filter Include="06. FormView\MyForm">
      <UniqueIdentifier>{b9ec3093-540b-4241-8ccb-7faa406db0bc}</UniqueIdentifier>
    </Filter>
    <Filter Include="06. FormView\MiniView">
      <UniqueIdentifier>{f3c4f43b-b2da-4012-9ce0-b7cc07ddbe79}</UniqueIdentifier>
    </Filter>
    <Filter Include="06. FormView\DIalog">
      <UniqueIdentifier>{423fe10f-3ad3-48ac-8b63-3e9cb58f332e}</UniqueIdentifier>
    </Filter>
    <Filter Include="06. FormView\DIalog\00. UnitTool">
      <UniqueIdentifier>{660acfe7-aa01-4929-99b4-6906237dd263}</UniqueIdentifier>
    </Filter>
    <Filter Include="06. FormView\DIalog\01. MapTool">
      <UniqueIdentifier>{c2a91f25-ddff-4c60-b887-08f2edfc7211}</UniqueIdentifier>
    </Filter>
    <Filter Include="05. Etc\01. FileInfo">
      <UniqueIdentifier>{09843c86-a5ea-4ab2-a8fc-62bc2ad663b6}</UniqueIdentifier>
    </Filter>
  </ItemGroup>
  <ItemGroup>
    <Text Include="ReadMe.txt" />
  </ItemGroup>
  <ItemGroup>
    <ClInclude Include="Tool.h">
      <Filter>헤더 파일</Filter>
    </ClInclude>
    <ClInclude Include="stdafx.h">
      <Filter>헤더 파일</Filter>
    </ClInclude>
    <ClInclude Include="targetver.h">
      <Filter>헤더 파일</Filter>
    </ClInclude>
    <ClInclude Include="Resource.h">
      <Filter>헤더 파일</Filter>
    </ClInclude>
    <ClInclude Include="MainFrm.h">
      <Filter>00. MainFrm</Filter>
    </ClInclude>
    <ClInclude Include="ToolView.h">
      <Filter>01. View</Filter>
    </ClInclude>
    <ClInclude Include="ToolDoc.h">
      <Filter>02. Document</Filter>
    </ClInclude>
    <ClInclude Include="Device.h">
      <Filter>03. Device</Filter>
    </ClInclude>
    <ClInclude Include="Texture.h">
      <Filter>04. Texture</Filter>
    </ClInclude>
    <ClInclude Include="SingleTexture.h">
      <Filter>04. Texture\00. Single</Filter>
    </ClInclude>
    <ClInclude Include="TextureMgr.h">
      <Filter>04. Texture\02. Manager</Filter>
    </ClInclude>
    <ClInclude Include="MultiTexture.h">
      <Filter>04. Texture\01. Multi</Filter>
    </ClInclude>
    <ClInclude Include="Terrain.h">
      <Filter>05. Etc\00. Terrain</Filter>
    </ClInclude>
    <ClInclude Include="MyForm.h">
      <Filter>06. FormView\MyForm</Filter>
    </ClInclude>
    <ClInclude Include="MiniView.h">
      <Filter>06. FormView\MiniView</Filter>
    </ClInclude>
    <ClInclude Include="UnitTool.h">
      <Filter>06. FormView\DIalog\00. UnitTool</Filter>
    </ClInclude>
    <ClInclude Include="MapTool.h">
      <Filter>06. FormView\DIalog\01. MapTool</Filter>
    </ClInclude>
    <ClInclude Include="FileInfo.h">
      <Filter>05. Etc\01. FileInfo</Filter>
    </ClInclude>
  </ItemGroup>
  <ItemGroup>
    <ClCompile Include="Tool.cpp">
      <Filter>소스 파일</Filter>
    </ClCompile>
    <ClCompile Include="stdafx.cpp">
      <Filter>소스 파일</Filter>
    </ClCompile>
    <ClCompile Include="MainFrm.cpp">
      <Filter>00. MainFrm</Filter>
    </ClCompile>
    <ClCompile Include="ToolView.cpp">
      <Filter>01. View</Filter>
    </ClCompile>
    <ClCompile Include="ToolDoc.cpp">
      <Filter>02. Document</Filter>
    </ClCompile>
    <ClCompile Include="Device.cpp">
      <Filter>03. Device</Filter>
    </ClCompile>
    <ClCompile Include="Texture.cpp">
      <Filter>04. Texture</Filter>
    </ClCompile>
    <ClCompile Include="SingleTexture.cpp">
      <Filter>04. Texture\00. Single</Filter>
    </ClCompile>
    <ClCompile Include="TextureMgr.cpp">
      <Filter>04. Texture\02. Manager</Filter>
    </ClCompile>
    <ClCompile Include="MultiTexture.cpp">
      <Filter>04. Texture\01. Multi</Filter>
    </ClCompile>
    <ClCompile Include="Terrain.cpp">
      <Filter>05. Etc\00. Terrain</Filter>
    </ClCompile>
    <ClCompile Include="MyForm.cpp">
      <Filter>06. FormView\MyForm</Filter>
    </ClCompile>
    <ClCompile Include="MiniView.cpp">
      <Filter>06. FormView\MiniView</Filter>
    </ClCompile>
    <ClCompile Include="UnitTool.cpp">
      <Filter>06. FormView\DIalog\00. UnitTool</Filter>
    </ClCompile>
    <ClCompile Include="MapTool.cpp">
      <Filter>06. FormView\DIalog\01. MapTool</Filter>
    </ClCompile>
    <ClCompile Include="FileInfo.cpp">
      <Filter>05. Etc\01. FileInfo</Filter>
    </ClCompile>
  </ItemGroup>
  <ItemGroup>
    <ResourceCompile Include="Tool.rc">
      <Filter>리소스 파일</Filter>
    </ResourceCompile>
  </ItemGroup>
  <ItemGroup>
    <None Include="res\Tool.rc2">
      <Filter>리소스 파일</Filter>
    </None>
  </ItemGroup>
  <ItemGroup>
    <Image Include="res\ToolDoc.ico">
      <Filter>리소스 파일</Filter>
    </Image>
    <Image Include="res\Tool.ico">
      <Filter>리소스 파일</Filter>
    </Image>
    <Image Include="res\Toolbar.bmp">
      <Filter>리소스 파일</Filter>
    </Image>
  </ItemGroup>
</Project>